# @generated - this file is auto-generated by `mise lock` https://mise.jdx.dev/dev-tools/mise-lock.html

[[tools.actionlint]]
version = "1.7.12"
backend = "aqua:rhysd/actionlint"

[tools.actionlint."platforms.linux-arm64"]
checksum = "sha256:325e971b6ba9bfa504672e29be93c24981eeb1c07576d730e9f7c8805afff0c6"
url = "https://github.com/rhysd/actionlint/releases/download/v1.7.12/actionlint_1.7.12_linux_arm64.tar.gz"
url_api = "https://api.github.com/repos/rhysd/actionlint/releases/assets/384924897"
provenance = "github-attestations"

[tools.actionlint."platforms.linux-arm64-musl"]
checksum = "sha256:325e971b6ba9bfa504672e29be93c24981eeb1c07576d730e9f7c8805afff0c6"
url = "https://github.com/rhysd/actionlint/releases/download/v1.7.12/actionlint_1.7.12_linux_arm64.tar.gz"
url_api = "https://api.github.com/repos/rhysd/actionlint/releases/assets/384924897"
provenance = "github-attestations"

[tools.actionlint."platforms.linux-x64"]
checksum = "sha256:8aca8db96f1b94770f1b0d72b6dddcb1ebb8123cb3712530b08cc387b349a3d8"
url = "https://github.com/rhysd/actionlint/releases/download/v1.7.12/actionlint_1.7.12_linux_amd64.tar.gz"
url_api = "https://api.github.com/repos/rhysd/actionlint/releases/assets/384924896"
provenance = "github-attestations"

[tools.actionlint."platforms.linux-x64-musl"]
checksum = "sha256:8aca8db96f1b94770f1b0d72b6dddcb1ebb8123cb3712530b08cc387b349a3d8"
url = "https://github.com/rhysd/actionlint/releases/download/v1.7.12/actionlint_1.7.12_linux_amd64.tar.gz"
url_api = "https://api.github.com/repos/rhysd/actionlint/releases/assets/384924896"
provenance = "github-attestations"

[tools.actionlint."platforms.macos-arm64"]
checksum = "sha256:aba9ced2dee8d27fecca3dc7feb1a7f9a52caefa1eb46f3271ea66b6e0e6953f"
url = "https://github.com/rhysd/actionlint/releases/download/v1.7.12/actionlint_1.7.12_darwin_arm64.tar.gz"
url_api = "https://api.github.com/repos/rhysd/actionlint/releases/assets/384924893"
provenance = "github-attestations"

[tools.actionlint."platforms.macos-x64"]
checksum = "sha256:5b44c3bc2255115c9b69e30efc0fecdf498fdb63c5d58e17084fd5f16324c644"
url = "https://github.com/rhysd/actionlint/releases/download/v1.7.12/actionlint_1.7.12_darwin_amd64.tar.gz"
url_api = "https://api.github.com/repos/rhysd/actionlint/releases/assets/384924880"
provenance = "github-attestations"

[tools.actionlint."platforms.windows-x64"]
checksum = "sha256:6e7241b51e6817ea6a047693d8e6fed13b31819c9a0dd6c5a726e1592d22f6e9"
url = "https://github.com/rhysd/actionlint/releases/download/v1.7.12/actionlint_1.7.12_windows_amd64.zip"
url_api = "https://api.github.com/repos/rhysd/actionlint/releases/assets/384924919"
provenance = "github-attestations"

[[tools.direnv]]
version = "2.37.1"
backend = "aqua:direnv/direnv"

[tools.direnv."platforms.linux-arm64"]
checksum = "sha256:2a9cef8d73521d6a3ec3f2871c4b747b8c4cc038628c1b57a7efa42b393a2d82"
url = "https://github.com/direnv/direnv/releases/download/v2.37.1/direnv.linux-arm64"
url_api = "https://api.github.com/repos/direnv/direnv/releases/assets/274610549"

[tools.direnv."platforms.linux-arm64-musl"]
checksum = "sha256:2a9cef8d73521d6a3ec3f2871c4b747b8c4cc038628c1b57a7efa42b393a2d82"
url = "https://github.com/direnv/direnv/releases/download/v2.37.1/direnv.linux-arm64"
url_api = "https://api.github.com/repos/direnv/direnv/releases/assets/274610549"

[tools.direnv."platforms.linux-x64"]
checksum = "sha256:1f1b93dd6f38523fde26dfac96151ef9d31a374e3005cd3345fb93555ae0c9b5"
url = "https://github.com/direnv/direnv/releases/download/v2.37.1/direnv.linux-amd64"
url_api = "https://api.github.com/repos/direnv/direnv/releases/assets/274610548"

[tools.direnv."platforms.linux-x64-musl"]
checksum = "sha256:1f1b93dd6f38523fde26dfac96151ef9d31a374e3005cd3345fb93555ae0c9b5"
url = "https://github.com/direnv/direnv/releases/download/v2.37.1/direnv.linux-amd64"
url_api = "https://api.github.com/repos/direnv/direnv/releases/assets/274610548"

[tools.direnv."platforms.macos-arm64"]
checksum = "sha256:4f569f3a36732bfd8b8fea7bfcc6ad87a59745c109022164d0ca4832451d5369"
url = "https://github.com/direnv/direnv/releases/download/v2.37.1/direnv.darwin-arm64"
url_api = "https://api.github.com/repos/direnv/direnv/releases/assets/274610544"

[tools.direnv."platforms.macos-x64"]
checksum = "sha256:24fb9ce48b563d7e9fbdd3a4e3e836941654a31ce3e67eba9eaafc3dcd8ae73b"
url = "https://github.com/direnv/direnv/releases/download/v2.37.1/direnv.darwin-amd64"
url_api = "https://api.github.com/repos/direnv/direnv/releases/assets/274610540"

[tools.direnv."platforms.windows-x64"]
checksum = "sha256:d96fc8b7cf020c2d4c1dbbc2ccec5fd1cab05b51c491f02c8527a7fa6c50a1cd"
url = "https://github.com/direnv/direnv/releases/download/v2.37.1/direnv.windows-amd64"
url_api = "https://api.github.com/repos/direnv/direnv/releases/assets/274610569"

[[tools.hadolint]]
version = "2.15.1"
backend = "aqua:hadolint/hadolint"

[tools.hadolint."platforms.linux-arm64"]
checksum = "sha256:f6198ef8090f404dbb771abfee086eb8c48ac177f30da7fd3510aca35b344b5d"
url = "https://github.com/hadolint/hadolint/releases/download/v2.15.1/hadolint-linux-arm64"
url_api = "https://api.github.com/repos/hadolint/hadolint/releases/assets/496546507"
provenance = "github-attestations"

[tools.hadolint."platforms.linux-arm64-musl"]
checksum = "sha256:f6198ef8090f404dbb771abfee086eb8c48ac177f30da7fd3510aca35b344b5d"
url = "https://github.com/hadolint/hadolint/releases/download/v2.15.1/hadolint-linux-arm64"
url_api = "https://api.github.com/repos/hadolint/hadolint/releases/assets/496546507"
provenance = "github-attestations"

[tools.hadolint."platforms.linux-x64"]
checksum = "sha256:c7187db94eeeeca956519a6af171adc31453941a1e777961f6e680f697c8c507"
url = "https://github.com/hadolint/hadolint/releases/download/v2.15.1/hadolint-linux-x86_64"
url_api = "https://api.github.com/repos/hadolint/hadolint/releases/assets/496546506"
provenance = "github-attestations"

[tools.hadolint."platforms.linux-x64-musl"]
checksum = "sha256:c7187db94eeeeca956519a6af171adc31453941a1e777961f6e680f697c8c507"
url = "https://github.com/hadolint/hadolint/releases/download/v2.15.1/hadolint-linux-x86_64"
url_api = "https://api.github.com/repos/hadolint/hadolint/releases/assets/496546506"
provenance = "github-attestations"

[tools.hadolint."platforms.macos-arm64"]
checksum = "sha256:5c09f3213f8e40406abe048233d985eebef336d4a6a20021be47fadb6cf480a2"
url = "https://github.com/hadolint/hadolint/releases/download/v2.15.1/hadolint-macos-arm64"
url_api = "https://api.github.com/repos/hadolint/hadolint/releases/assets/496546505"
provenance = "github-attestations"

[tools.hadolint."platforms.macos-x64"]
checksum = "sha256:ffe9bb18b23d5ed1eae50237aecdbb523d016e96da0bd4e7aa432040acfc3fde"
url = "https://github.com/hadolint/hadolint/releases/download/v2.15.1/hadolint-macos-x86_64"
url_api = "https://api.github.com/repos/hadolint/hadolint/releases/assets/496546509"
provenance = "github-attestations"

[tools.hadolint."platforms.windows-x64"]
checksum = "sha256:01d927294962b5387f9ead4f18679158452be4f17c765ad0bdffe5264b9c7b0a"
url = "https://github.com/hadolint/hadolint/releases/download/v2.15.1/hadolint-windows-x86_64.exe"
url_api = "https://api.github.com/repos/hadolint/hadolint/releases/assets/496546508"
provenance = "github-attestations"

[[tools."pipx:mdformat"]]
version = "1.0.0"
backend = "pipx:mdformat"

[[tools."pipx:pyflakes"]]
version = "4.0.3"
backend = "pipx:pyflakes"

[[tools."pipx:yamlfix"]]
version = "1.19.1"
backend = "pipx:yamlfix"

[[tools.prek]]
version = "0.5.5"
backend = "aqua:j178/prek"

[tools.prek."platforms.linux-arm64"]
checksum = "sha256:420451a13aaf3de670dfe73b25e18dbca0d96bc3b153cc3924b9d01c3b7caa12"
url = "https://github.com/j178/prek/releases/download/v0.5.5/prek-aarch64-unknown-linux-gnu.tar.gz"
url_api = "https://api.github.com/repos/j178/prek/releases/assets/611684496"
provenance = "github-attestations"

[tools.prek."platforms.linux-arm64-musl"]
checksum = "sha256:e7208e5d42daaa8d9167971e7d2d3388d80cce241d1cecea745a6c88d6b6368e"
url = "https://github.com/j178/prek/releases/download/v0.5.5/prek-aarch64-unknown-linux-musl.tar.gz"
url_api = "https://api.github.com/repos/j178/prek/releases/assets/611684498"
provenance = "github-attestations"

[tools.prek."platforms.linux-x64"]
checksum = "sha256:5470e4aa0fc0ad9d3de7dfaf088fb746d59c2eda3b173c06418e7c8861a520eb"
url = "https://github.com/j178/prek/releases/download/v0.5.5/prek-x86_64-unknown-linux-gnu.tar.gz"
url_api = "https://api.github.com/repos/j178/prek/releases/assets/611684555"
provenance = "github-attestations"

[tools.prek."platforms.linux-x64-musl"]
checksum = "sha256:57948d4772f4eb58387ce4a6d619ecd2d8d7e9d765eed6a316f5b3f92c86d951"
url = "https://github.com/j178/prek/releases/download/v0.5.5/prek-x86_64-unknown-linux-musl.tar.gz"
url_api = "https://api.github.com/repos/j178/prek/releases/assets/611684574"
provenance = "github-attestations"

[tools.prek."platforms.macos-arm64"]
checksum = "sha256:e4bc3132023b50020e62b073bc3147082828bf250d8b9282850c6f2bed5471b6"
url = "https://github.com/j178/prek/releases/download/v0.5.5/prek-aarch64-apple-darwin.tar.gz"
url_api = "https://api.github.com/repos/j178/prek/releases/assets/611684483"
provenance = "github-attestations"

[tools.prek."platforms.macos-x64"]
checksum = "sha256:9ea09639374a34b6f0b7d2a2567c175221cd37e44004e9b1cf591f31f9dda1b3"
url = "https://github.com/j178/prek/releases/download/v0.5.5/prek-x86_64-apple-darwin.tar.gz"
url_api = "https://api.github.com/repos/j178/prek/releases/assets/611684529"
provenance = "github-attestations"

[tools.prek."platforms.windows-x64"]
checksum = "sha256:6e52e1723b1b753b977be632a150d5516862471b29c14ad8e7d71685f07769b4"
url = "https://github.com/j178/prek/releases/download/v0.5.5/prek-x86_64-pc-windows-msvc.zip"
url_api = "https://api.github.com/repos/j178/prek/releases/assets/611684549"
provenance = "github-attestations"

[[tools.python]]
version = "3.15.0"
backend = "core:python"

[tools.python."platforms.linux-arm64"]
checksum = "sha256:00345e47b7f42d10ec60d28b2ccad6b1f33c40697f0ae57ee15d70896efad0b5"
url = "https://github.com/astral-sh/python-build-standalone/releases/download/20261009/cpython-3.15.0+20261009-aarch64-unknown-linux-gnu-install_only_stripped.tar.gz"
provenance = "github-attestations"

[tools.python."platforms.linux-arm64-musl"]
checksum = "sha256:93040cac939b6702a8e29e07b14d5eefa1a3b2589697baa46c805a159c716860"
url = "https://github.com/astral-sh/python-build-standalone/releases/download/20261009/cpython-3.15.0+20261009-aarch64-unknown-linux-musl-install_only_stripped.tar.gz"
provenance = "github-attestations"

[tools.python."platforms.linux-x64"]
checksum = "sha256:46edc8f6fccade47dc38001ef2d4094d9cedd21a1863d9b44b2a02c1ee76b94d"
url = "https://github.com/astral-sh/python-build-standalone/releases/download/20261009/cpython-3.15.0+20261009-x86_64-unknown-linux-gnu-install_only_stripped.tar.gz"
provenance = "github-attestations"

[tools.python."platforms.linux-x64-musl"]
checksum = "sha256:465ec05200a3668954fb88d1ed150298b13c277b5c64c95c5866dc2901e29e85"
url = "https://github.com/astral-sh/python-build-standalone/releases/download/20261009/cpython-3.15.0+20261009-x86_64-unknown-linux-musl-install_only_stripped.tar.gz"
provenance = "github-attestations"

[tools.python."platforms.macos-arm64"]
checksum = "sha256:473e6213a1c55da12e60642249a6201fe9dca841b4ad8c59149798846ed87c62"
url = "https://github.com/astral-sh/python-build-standalone/releases/download/20261009/cpython-3.15.0+20261009-aarch64-apple-darwin-install_only_stripped.tar.gz"
provenance = "github-attestations"

[tools.python."platforms.macos-x64"]
checksum = "sha256:76253e5619694b66e817a091bbdbf3db89bb0aff6d77a9ac7aae2ce96218ed0d"
url = "https://github.com/astral-sh/python-build-standalone/releases/download/20261009/cpython-3.15.0+20261009-x86_64-apple-darwin-install_only_stripped.tar.gz"
provenance = "github-attestations"

[tools.python."platforms.windows-x64"]
checksum = "sha256:0943854634fa0fc4faf2a37d900bc7e1a6f89afd7ac576b22d17f39142c63b55"
url = "https://github.com/astral-sh/python-build-standalone/releases/download/20261009/cpython-3.15.0+20261009-x86_64-pc-windows-msvc-install_only_stripped.tar.gz"
provenance = "github-attestations"

[[tools.ruff]]
version = "0.16.10"
backend = "aqua:astral-sh/ruff"

[tools.ruff."platforms.linux-arm64"]
checksum = "sha256:dc0d74de837ef0a7bcc62ce98c48a622b075d057161f13b958be2934becd55a6"
url = "https://github.com/astral-sh/ruff/releases/download/0.16.10/ruff-aarch64-unknown-linux-gnu.tar.gz"
url_api = "https://api.github.com/repos/astral-sh/ruff/releases/assets/603826868"
provenance = "github-attestations"

[tools.ruff."platforms.linux-arm64-musl"]
checksum = "sha256:38ebc0ec3e0de538d1c399729ca04e124749211d66aa134c24ad0c1f09a935b9"
url = "https://github.com/astral-sh/ruff/releases/download/0.16.10/ruff-aarch64-unknown-linux-musl.tar.gz"
url_api = "https://api.github.com/repos/astral-sh/ruff/releases/assets/603826873"
provenance = "github-attestations"

[tools.ruff."platforms.linux-x64"]
checksum = "sha256:9567ff1201e2fb3da31ff04c35587d768c66d6cb42dfa84de474e2bfe360b608"
url = "https://github.com/astral-sh/ruff/releases/download/0.16.10/ruff-x86_64-unknown-linux-gnu.tar.gz"
url_api = "https://api.github.com/repos/astral-sh/ruff/releases/assets/603827060"
provenance = "github-attestations"

[tools.ruff."platforms.linux-x64-musl"]
checksum = "sha256:ad1b2138407a0c53b936524df99d87211333f7bc40478d6860f42994597f7ff0"
url = "https://github.com/astral-sh/ruff/releases/download/0.16.10/ruff-x86_64-unknown-linux-musl.tar.gz"
url_api = "https://api.github.com/repos/astral-sh/ruff/releases/assets/603827079"
provenance = "github-attestations"

[tools.ruff."platforms.macos-arm64"]
checksum = "sha256:f051cd306de2691262a0574f8857cd1f4d6bfcd448084ea23d61b9c1c37df510"
url = "https://github.com/astral-sh/ruff/releases/download/0.16.10/ruff-aarch64-apple-darwin.tar.gz"
url_api = "https://api.github.com/repos/astral-sh/ruff/releases/assets/603826852"
provenance = "github-attestations"

[tools.ruff."platforms.macos-x64"]
checksum = "sha256:ace641df42926e962cf04bc52c79eb6c50ba1ae6a17b602f081960616ecc1bd1"
url = "https://github.com/astral-sh/ruff/releases/download/0.16.10/ruff-x86_64-apple-darwin.tar.gz"
url_api = "https://api.github.com/repos/astral-sh/ruff/releases/assets/603827024"
provenance = "github-attestations"

[tools.ruff."platforms.windows-x64"]
checksum = "sha256:6b90457fbd249923db196044d5f3c26e4f7cefacc769c26fd52520fa033f736e"
url = "https://github.com/astral-sh/ruff/releases/download/0.16.10/ruff-x86_64-pc-windows-msvc.zip"
url_api = "https://api.github.com/repos/astral-sh/ruff/releases/assets/603827051"
provenance = "github-attestations"

[[tools.ty]]
version = "0.0.86"
backend = "aqua:astral-sh/ty"

[tools.ty."platforms.linux-arm64"]
checksum = "sha256:c40c4f4c72e1e7e29e71d2765b605b366393fa7e6296c903e0b21eb1927b59de"
url = "https://github.com/astral-sh/ty/releases/download/0.0.86/ty-aarch64-unknown-linux-gnu.tar.gz"
url_api = "https://api.github.com/repos/astral-sh/ty/releases/assets/626334035"
provenance = "github-attestations"

[tools.ty."platforms.linux-arm64-musl"]
checksum = "sha256:ff3f848d01d6849131ed712fc946c026b33a95720408eaece26d28d3c2e52c45"
url = "https://github.com/astral-sh/ty/releases/download/0.0.86/ty-aarch64-unknown-linux-musl.tar.gz"
url_api = "https://api.github.com/repos/astral-sh/ty/releases/assets/626334042"
provenance = "github-attestations"

[tools.ty."platforms.linux-x64"]
checksum = "sha256:0024ef2bf1e95a56fca6d8f9be44d4abf28ee44860b05095ad2bc3cff6a6c767"
url = "https://github.com/astral-sh/ty/releases/download/0.0.86/ty-x86_64-unknown-linux-gnu.tar.gz"
url_api = "https://api.github.com/repos/astral-sh/ty/releases/assets/626334238"
provenance = "github-attestations"

[tools.ty."platforms.linux-x64-musl"]
checksum = "sha256:cedbbe26a4f12533cfa728e07c8f053c86c7642548c72e92971e1154a94f3583"
url = "https://github.com/astral-sh/ty/releases/download/0.0.86/ty-x86_64-unknown-linux-musl.tar.gz"
url_api = "https://api.github.com/repos/astral-sh/ty/releases/assets/626334260"
provenance = "github-attestations"

[tools.ty."platforms.macos-arm64"]
checksum = "sha256:ba782554d855aa69ce6ec8fa5898f5256a8603eb81f35d1927434576a434ae4e"
url = "https://github.com/astral-sh/ty/releases/download/0.0.86/ty-aarch64-apple-darwin.tar.gz"
url_api = "https://api.github.com/repos/astral-sh/ty/releases/assets/626333997"
provenance = "github-attestations"

[tools.ty."platforms.macos-x64"]
checksum = "sha256:6b7908dec8629f9c18fe8c76fdcc22497ff823b14c351636aebe4d552d0e1fe9"
url = "https://github.com/astral-sh/ty/releases/download/0.0.86/ty-x86_64-apple-darwin.tar.gz"
url_api = "https://api.github.com/repos/astral-sh/ty/releases/assets/626334216"
provenance = "github-attestations"

[tools.ty."platforms.windows-x64"]
checksum = "sha256:4e3444ade1ca28f4020558388c31d715811ae4810612195264c71311a273083a"
url = "https://github.com/astral-sh/ty/releases/download/0.0.86/ty-x86_64-pc-windows-msvc.zip"
url_api = "https://api.github.com/repos/astral-sh/ty/releases/assets/626334224"
provenance = "github-attestations"

[[tools.uv]]
version = "0.13.0"
backend = "aqua:astral-sh/uv"

[tools.uv."platforms.linux-arm64"]
checksum = "sha256:3ccfb6af6e242433eb552f7d9676abd5412c6595c497e990d9c8cb7b5bd4d2c3"
url = "https://github.com/astral-sh/uv/releases/download/0.13.0/uv-aarch64-unknown-linux-gnu.tar.gz"
url_api = "https://api.github.com/repos/astral-sh/uv/releases/assets/626003012"
provenance = "github-attestations"

[tools.uv."platforms.linux-arm64-musl"]
checksum = "sha256:281ca6cf43f4e26e35474839ad4861be86de42af2682f74134460f5b2071b96d"
url = "https://github.com/astral-sh/uv/releases/download/0.13.0/uv-aarch64-unknown-linux-musl.tar.gz"
url_api = "https://api.github.com/repos/astral-sh/uv/releases/assets/626003041"
provenance = "github-attestations"

[tools.uv."platforms.linux-x64"]
checksum = "sha256:1468ebd5a5541121837c5a2817b9972ba6090fa6caa3d142620850a47fb75154"
url = "https://github.com/astral-sh/uv/releases/download/0.13.0/uv-x86_64-unknown-linux-gnu.tar.gz"
url_api = "https://api.github.com/repos/astral-sh/uv/releases/assets/626003332"
provenance = "github-attestations"

[tools.uv."platforms.linux-x64-musl"]
checksum = "sha256:b0828fc4cdc47d65951e94b5f0a15a5364420e8dcd88723f3b21e7a2eb30bbc3"
url = "https://github.com/astral-sh/uv/releases/download/0.13.0/uv-x86_64-unknown-linux-musl.tar.gz"
url_api = "https://api.github.com/repos/astral-sh/uv/releases/assets/626003353"
provenance = "github-attestations"

[tools.uv."platforms.macos-arm64"]
checksum = "sha256:a9c1b29002cf3c83f07fa9cd8a887a3be0107d90e23189721221e7257db8e3d6"
url = "https://github.com/astral-sh/uv/releases/download/0.13.0/uv-aarch64-apple-darwin.tar.gz"
url_api = "https://api.github.com/repos/astral-sh/uv/releases/assets/626002972"
provenance = "github-attestations"

[tools.uv."platforms.macos-x64"]
checksum = "sha256:5f44dcbde809b632f47c36fadb241cb4d6f9af71d0c8f172b5d2026d3dde742c"
url = "https://github.com/astral-sh/uv/releases/download/0.13.0/uv-x86_64-apple-darwin.tar.gz"
url_api = "https://api.github.com/repos/astral-sh/uv/releases/assets/626003261"
provenance = "github-attestations"

[tools.uv."platforms.windows-x64"]
checksum = "sha256:088962f9e7b7bd9ea740c04c650b2a21c8928c345bd99ac24350dc924dba656c"
url = "https://github.com/astral-sh/uv/releases/download/0.13.0/uv-x86_64-pc-windows-msvc.zip"
url_api = "https://api.github.com/repos/astral-sh/uv/releases/assets/626003295"
provenance = "github-attestations"
